
Microsoft Visual Studio Solution File, Format Version 12.00
Project("{FAE04EC0-301F-11D3-BF4B-00C04F79EFBC}") = "Aoraki.Web", "Aoraki.Web\Aoraki.Web.csproj", "{232DCB91-8675-410B-BE6C-1247B08C32DE}"
EndProject
Global
	GlobalSection(SolutionConfigurationPlatforms) = preSolution
		Debug|Any CPU = Debug|Any CPU
		Release|Any CPU = Release|Any CPU
	EndGlobalSection
	GlobalSection(ProjectConfigurationPlatforms) = postSolution
		{232DCB91-8675-410B-BE6C-1247B08C32DE}.Debug|Any CPU.ActiveCfg = Debug|Any CPU
		{232DCB91-8675-410B-BE6C-1247B08C32DE}.Debug|Any CPU.Build.0 = Debug|Any CPU
		{232DCB91-8675-410B-BE6C-1247B08C32DE}.Release|Any CPU.ActiveCfg = Release|Any CPU
		{232DCB91-8675-410B-BE6C-1247B08C32DE}.Release|Any CPU.Build.0 = Release|Any CPU
	EndGlobalSection
EndGlobal
